PODS:
  - CYLTabBarController (1.10.0)
  - DZNEmptyDataSet (1.8.1)
  - LBXAlertAction (1.0.3)
  - Masonry (1.0.2)
  - MJRefresh (3.1.12)
  - SDCycleScrollView (1.65):
    - SDWebImage (~> 3.7)
  - SDWebImage (3.8.2):
    - SDWebImage/Core (= 3.8.2)
  - SDWebImage/Core (3.8.2)
  - STPickerView (2.0)
  - SVProgressHUD (2.1.2)
  - TZImagePickerController (1.7.8)
  - UITableView+FDTemplateLayoutCell (1.4)
  - XMNetworking (1.0.2):
    - XMNetworking/Core (= 1.0.2)
    - XMNetworking/Lib (= 1.0.2)
  - XMNetworking/Core (1.0.2):
    - XMNetworking/Lib/AFNetworking-3.1.0
  - XMNetworking/Lib (1.0.2):
    - XMNetworking/Lib/AFNetworking-3.1.0 (= 1.0.2)
  - XMNetworking/Lib/AFNetworking-3.1.0 (1.0.2)
  - YYModel (1.0.4)
  - YYText (1.0.7)
  - ZXingObjC (3.2.1):
    - ZXingObjC/All (= 3.2.1)
  - ZXingObjC/All (3.2.1)
  - ZYCornerRadius (1.0.2)

DEPENDENCIES:
  - CYLTabBarController (= 1.10.0)
  - DZNEmptyDataSet (= 1.8.1)
  - LBXAlertAction
  - Masonry (= 1.0.2)
  - MJRefresh (= 3.1.12)
  - SDCycleScrollView (= 1.65)
  - STPickerView (= 2.0)
  - SVProgressHUD (= 2.1.2)
  - TZImagePickerController
  - UITableView+FDTemplateLayoutCell (= 1.4)
  - XMNetworking (= 1.0.2)
  - YYModel (= 1.0.4)
  - YYText (= 1.0.7)
  - ZXingObjC (= 3.2.1)
  - ZYCornerRadius (= 1.0.2)

SPEC CHECKSUMS:
  CYLTabBarController: 2de9a4c26f50d33574398becf8e7b0aaed794240
  DZNEmptyDataSet: 9525833b9e68ac21c30253e1d3d7076cc828eaa7
  LBXAlertAction: e904f511f0e44fde323e056691d7a8a99d71faba
  Masonry: 7c429b56da9d4ee0bbb3ed77a5ea710d6a5df39e
  MJRefresh: b96cdb21c4aa75a7b07654311ab2f315c497e806
  SDCycleScrollView: f72904c77698a7f93a41bcbbc2d78b073bf7326c
  SDWebImage: 098e97e6176540799c27e804c96653ee0833d13c
  STPickerView: 7b5f79ab9c48a3aad85b413c622c415961cec251
  SVProgressHUD: c404a55d78acbeb7ebb78b76d3faf986475a6994
  TZImagePickerController: 87a138ae5d585225aaa6c8abe2cface0f0ad19dd
  UITableView+FDTemplateLayoutCell: 234e1582bcc4e18461af91155123bb96538ed030
  XMNetworking: bcc1d167c4386fb6bfefb0d6c7087f09333c2e09
  YYModel: 2a7fdd96aaa4b86a824e26d0c517de8928c04b30
  YYText: 5c461d709e24d55a182d1441c41dc639a18a4849
  ZXingObjC: bbf7b8f0cf8933fdd33eb4f9f46e22308552869b
  ZYCornerRadius: f0af817be7805b5c63d793042ca7a03f81e14069

PODFILE CHECKSUM: 54411e28c82947a341a6f6d62084c042d957e0f7

COCOAPODS: 1.0.0
